// !$*UTF8*$!
{
	archiveVersion = 1;
	classes = {
	};
	objectVersion = 56;
	objects = {

/* Begin PBXBuildFile section */
		5E3A37502A3897AD00DC2D8B /* AppDelegate.swift in Sources */ = {isa = PBXBuildFile; fileRef = 5E3A374F2A3897AD00DC2D8B /* AppDelegate.swift */; };
		5E3A37522A3897AD00DC2D8B /* SceneDelegate.swift in Sources */ = {isa = PBXBuildFile; fileRef = 5E3A37512A3897AD00DC2D8B /* SceneDelegate.swift */; };
		5E3A37542A3897AD00DC2D8B /* ViewController.swift in Sources */ = {isa = PBXBuildFile; fileRef = 5E3A37532A3897AD00DC2D8B /* ViewController.swift */; };
		5E3A37572A3897AD00DC2D8B /* Main.storyboard in Resources */ = {isa = PBXBuildFile; fileRef = 5E3A37552A3897AD00DC2D8B /* Main.storyboard */; };
		5E3A37592A3897AE00DC2D8B /* Assets.xcassets in Resources */ = {isa = PBXBuildFile; fileRef = 5E3A37582A3897AE00DC2D8B /* Assets.xcassets */; };
		5E3A375C2A3897AE00DC2D8B /* LaunchScreen.storyboard in Resources */ = {isa = PBXBuildFile; fileRef = 5E3A375A2A3897AE00DC2D8B /* LaunchScreen.storyboard */; };
		5E3A37672A3897AE00DC2D8B /* NavigationTests.swift in Sources */ = {isa = PBXBuildFile; fileRef = 5E3A37662A3897AE00DC2D8B /* NavigationTests.swift */; };
		5E3A37712A3897AE00DC2D8B /* NavigationUITests.swift in Sources */ = {isa = PBXBuildFile; fileRef = 5E3A37702A3897AE00DC2D8B /* NavigationUITests.swift */; };
		5E3A37732A3897AE00DC2D8B /* NavigationUITestsLaunchTests.swift in Sources */ = {isa = PBXBuildFile; fileRef = 5E3A37722A3897AE00DC2D8B /* NavigationUITestsLaunchTests.swift */; };
		5E3A37802A38998700DC2D8B /* StoryboardTableViewController.swift in Sources */ = {isa = PBXBuildFile; fileRef = 5E3A377F2A38998700DC2D8B /* StoryboardTableViewController.swift */; };
		5E3A37822A3899B200DC2D8B /* TableViewController.swift in Sources */ = {isa = PBXBuildFile; fileRef = 5E3A37812A3899B200DC2D8B /* TableViewController.swift */; };
		5E3A37852A38A3DA00DC2D8B /* TableViewCell.swift in Sources */ = {isa = PBXBuildFile; fileRef = 5E3A37842A38A3DA00DC2D8B /* TableViewCell.swift */; };
		5E455C892A39FFBA007A7088 /* ContactModel.swift in Sources */ = {isa = PBXBuildFile; fileRef = 5E455C882A39FFBA007A7088 /* ContactModel.swift */; };
		5E455C8B2A3A0216007A7088 /* SubView3.swift in Sources */ = {isa = PBXBuildFile; fileRef = 5E455C8A2A3A0216007A7088 /* SubView3.swift */; };
		5E46ADAE2A38BD79008B7AFF /* SubView1.swift in Sources */ = {isa = PBXBuildFile; fileRef = 5E46ADAD2A38BD79008B7AFF /* SubView1.swift */; };
		5E46ADB02A38BDA1008B7AFF /* SubView2.swift in Sources */ = {isa = PBXBuildFile; fileRef = 5E46ADAF2A38BDA1008B7AFF /* SubView2.swift */; };
/* End PBXBuildFile section */

/* Begin PBXContainerItemProxy section */
		5E3A37632A3897AE00DC2D8B /* PBXContainerItemProxy */ = {
			isa = PBXContainerItemProxy;
			containerPortal = 5E3A37442A3897AD00DC2D8B /* Project object */;
			proxyType = 1;
			remoteGlobalIDString = 5E3A374B2A3897AD00DC2D8B;
			remoteInfo = Navigation;
		};
		5E3A376D2A3897AE00DC2D8B /* PBXContainerItemProxy */ = {
			isa = PBXContainerItemProxy;
			containerPortal = 5E3A37442A3897AD00DC2D8B /* Project object */;
			proxyType = 1;
			remoteGlobalIDString = 5E3A374B2A3897AD00DC2D8B;
			remoteInfo = Navigation;
		};
/* End PBXContainerItemProxy section */

/* Begin PBXFileReference section */
		5E3A374C2A3897AD00DC2D8B /* Navigation.app */ = {isa = PBXFileReference; explicitFileType = wrapper.application; includeInIndex = 0; path = Navigation.app; sourceTree = BUILT_PRODUCTS_DIR; };
		5E3A374F2A3897AD00DC2D8B /* AppDelegate.swift */ = {isa = PBXFileReference; lastKnownFileType = sourcecode.swift; path = AppDelegate.swift; sourceTree = "<group>"; };
		5E3A37512A3897AD00DC2D8B /* SceneDelegate.swift */ = {isa = PBXFileReference; lastKnownFileType = sourcecode.swift; path = SceneDelegate.swift; sourceTree = "<group>"; };
		5E3A37532A3897AD00DC2D8B /* ViewController.swift */ = {isa = PBXFileReference; lastKnownFileType = sourcecode.swift; path = ViewController.swift; sourceTree = "<group>"; };
		5E3A37562A3897AD00DC2D8B /* Base */ = {isa = PBXFileReference; lastKnownFileType = file.storyboard; name = Base; path = Base.lproj/Main.storyboard; sourceTree = "<group>"; };
		5E3A37582A3897AE00DC2D8B /* Assets.xcassets */ = {isa = PBXFileReference; lastKnownFileType = folder.assetcatalog; path = Assets.xcassets; sourceTree = "<group>"; };
		5E3A375B2A3897AE00DC2D8B /* Base */ = {isa = PBXFileReference; lastKnownFileType = file.storyboard; name = Base; path = Base.lproj/LaunchScreen.storyboard; sourceTree = "<group>"; };
		5E3A375D2A3897AE00DC2D8B /* Info.plist */ = {isa = PBXFileReference; lastKnownFileType = text.plist.xml; path = Info.plist; sourceTree = "<group>"; };
		5E3A37622A3897AE00DC2D8B /* NavigationTests.xctest */ = {isa = PBXFileReference; explicitFileType = wrapper.cfbundle; includeInIndex = 0; path = NavigationTests.xctest; sourceTree = BUILT_PRODUCTS_DIR; };
		5E3A37662A3897AE00DC2D8B /* NavigationTests.swift */ = {isa = PBXFileReference; lastKnownFileType = sourcecode.swift; path = NavigationTests.swift; sourceTree = "<group>"; };
		5E3A376C2A3897AE00DC2D8B /* NavigationUITests.xctest */ = {isa = PBXFileReference; explicitFileType = wrapper.cfbundle; includeInIndex = 0; path = NavigationUITests.xctest; sourceTree = BUILT_PRODUCTS_DIR; };
		5E3A37702A3897AE00DC2D8B /* NavigationUITests.swift */ = {isa = PBXFileReference; lastKnownFileType = sourcecode.swift; path = NavigationUITests.swift; sourceTree = "<group>"; };
		5E3A37722A3897AE00DC2D8B /* NavigationUITestsLaunchTests.swift */ = {isa = PBXFileReference; lastKnownFileType = sourcecode.swift; path = NavigationUITestsLaunchTests.swift; sourceTree = "<group>"; };
		5E3A377F2A38998700DC2D8B /* StoryboardTableViewController.swift */ = {isa = PBXFileReference; lastKnownFileType = sourcecode.swift; path = StoryboardTableViewController.swift; sourceTree = "<group>"; };
		5E3A37812A3899B200DC2D8B /* TableViewController.swift */ = {isa = PBXFileReference; lastKnownFileType = sourcecode.swift; path = TableViewController.swift; sourceTree = "<group>"; };
		5E3A37842A38A3DA00DC2D8B /* TableViewCell.swift */ = {isa = PBXFileReference; lastKnownFileType = sourcecode.swift; path = TableViewCell.swift; sourceTree = "<group>"; };
		5E455C882A39FFBA007A7088 /* ContactModel.swift */ = {isa = PBXFileReference; lastKnownFileType = sourcecode.swift; path = ContactModel.swift; sourceTree = "<group>"; };
		5E455C8A2A3A0216007A7088 /* SubView3.swift */ = {isa = PBXFileReference; lastKnownFileType = sourcecode.swift; path = SubView3.swift; sourceTree = "<group>"; };
		5E46ADAD2A38BD79008B7AFF /* SubView1.swift */ = {isa = PBXFileReference; lastKnownFileType = sourcecode.swift; path = SubView1.swift; sourceTree = "<group>"; };
		5E46ADAF2A38BDA1008B7AFF /* SubView2.swift */ = {isa = PBXFileReference; lastKnownFileType = sourcecode.swift; path = SubView2.swift; sourceTree = "<group>"; };
/* End PBXFileReference section */

/* Begin PBXFrameworksBuildPhase section */
		5E3A37492A3897AD00DC2D8B /* Frameworks */ = {
			isa = PBXFrameworksBuildPhase;
			buildActionMask = 2147483647;
			files = (
			);
			runOnlyForDeploymentPostprocessing = 0;
		};
		5E3A375F2A3897AE00DC2D8B /* Frameworks */ = {
			isa = PBXFrameworksBuildPhase;
			buildActionMask = 2147483647;
			files = (
			);
			runOnlyForDeploymentPostprocessing = 0;
		};
		5E3A37692A3897AE00DC2D8B /* Frameworks */ = {
			isa = PBXFrameworksBuildPhase;
			buildActionMask = 2147483647;
			files = (
			);
			runOnlyForDeploymentPostprocessing = 0;
		};
/* End PBXFrameworksBuildPhase section */

/* Begin PBXGroup section */
		5E3A37432A3897AD00DC2D8B = {
			isa = PBXGroup;
			children = (
				5E3A374E2A3897AD00DC2D8B /* Navigation */,
				5E3A37652A3897AE00DC2D8B /* NavigationTests */,
				5E3A376F2A3897AE00DC2D8B /* NavigationUITests */,
				5E3A374D2A3897AD00DC2D8B /* Products */,
			);
			sourceTree = "<group>";
		};
		5E3A374D2A3897AD00DC2D8B /* Products */ = {
			isa = PBXGroup;
			children = (
				5E3A374C2A3897AD00DC2D8B /* Navigation.app */,
				5E3A37622A3897AE00DC2D8B /* NavigationTests.xctest */,
				5E3A376C2A3897AE00DC2D8B /* NavigationUITests.xctest */,
			);
			name = Products;
			sourceTree = "<group>";
		};
		5E3A374E2A3897AD00DC2D8B /* Navigation */ = {
			isa = PBXGroup;
			children = (
				5E8D8B802A39F05700DCA1F1 /* Modules */,
				5E8D8B7F2A39F00C00DCA1F1 /* Base */,
				5E8D8B7E2A39EFEF00DCA1F1 /* Application */,
				5E3A37582A3897AE00DC2D8B /* Assets.xcassets */,
				5E3A375D2A3897AE00DC2D8B /* Info.plist */,
			);
			path = Navigation;
			sourceTree = "<group>";
		};
		5E3A37652A3897AE00DC2D8B /* NavigationTests */ = {
			isa = PBXGroup;
			children = (
				5E3A37662A3897AE00DC2D8B /* NavigationTests.swift */,
			);
			path = NavigationTests;
			sourceTree = "<group>";
		};
		5E3A376F2A3897AE00DC2D8B /* NavigationUITests */ = {
			isa = PBXGroup;
			children = (
				5E3A37702A3897AE00DC2D8B /* NavigationUITests.swift */,
				5E3A37722A3897AE00DC2D8B /* NavigationUITestsLaunchTests.swift */,
			);
			path = NavigationUITests;
			sourceTree = "<group>";
		};
		5E3A37832A38A3AA00DC2D8B /* TableView */ = {
			isa = PBXGroup;
			children = (
				5E455C872A39FF91007A7088 /* ViewModel */,
				5E455C862A39FF8A007A7088 /* Model */,
				5E455C852A39FF83007A7088 /* View */,
			);
			path = TableView;
			sourceTree = "<group>";
		};
		5E455C852A39FF83007A7088 /* View */ = {
			isa = PBXGroup;
			children = (
				5E3A37842A38A3DA00DC2D8B /* TableViewCell.swift */,
			);
			path = View;
			sourceTree = "<group>";
		};
		5E455C862A39FF8A007A7088 /* Model */ = {
			isa = PBXGroup;
			children = (
				5E455C882A39FFBA007A7088 /* ContactModel.swift */,
			);
			path = Model;
			sourceTree = "<group>";
		};
		5E455C872A39FF91007A7088 /* ViewModel */ = {
			isa = PBXGroup;
			children = (
				5E3A37812A3899B200DC2D8B /* TableViewController.swift */,
			);
			path = ViewModel;
			sourceTree = "<group>";
		};
		5E8D8B7D2A39EFAC00DCA1F1 /* Home */ = {
			isa = PBXGroup;
			children = (
				5E3A37532A3897AD00DC2D8B /* ViewController.swift */,
			);
			path = Home;
			sourceTree = "<group>";
		};
		5E8D8B7E2A39EFEF00DCA1F1 /* Application */ = {
			isa = PBXGroup;
			children = (
				5E3A374F2A3897AD00DC2D8B /* AppDelegate.swift */,
				5E3A37512A3897AD00DC2D8B /* SceneDelegate.swift */,
			);
			path = Application;
			sourceTree = "<group>";
		};
		5E8D8B7F2A39F00C00DCA1F1 /* Base */ = {
			isa = PBXGroup;
			children = (
				5E3A37552A3897AD00DC2D8B /* Main.storyboard */,
				5E3A375A2A3897AE00DC2D8B /* LaunchScreen.storyboard */,
			);
			path = Base;
			sourceTree = "<group>";
		};
		5E8D8B802A39F05700DCA1F1 /* Modules */ = {
			isa = PBXGroup;
			children = (
				5E8D8B812A39F07100DCA1F1 /* Storyboard */,
				5E8D8B7D2A39EFAC00DCA1F1 /* Home */,
				5E3A37832A38A3AA00DC2D8B /* TableView */,
			);
			path = Modules;
			sourceTree = "<group>";
		};
		5E8D8B812A39F07100DCA1F1 /* Storyboard */ = {
			isa = PBXGroup;
			children = (
				5E455C8A2A3A0216007A7088 /* SubView3.swift */,
				5E46ADAF2A38BDA1008B7AFF /* SubView2.swift */,
				5E46ADAD2A38BD79008B7AFF /* SubView1.swift */,
				5E3A377F2A38998700DC2D8B /* StoryboardTableViewController.swift */,
			);
			path = Storyboard;
			sourceTree = "<group>";
		};
/* End PBXGroup section */

/* Begin PBXNativeTarget section */
		5E3A374B2A3897AD00DC2D8B /* Navigation */ = {
			isa = PBXNativeTarget;
			buildConfigurationList = 5E3A37762A3897AE00DC2D8B /* Build configuration list for PBXNativeTarget "Navigation" */;
			buildPhases = (
				5E3A37482A3897AD00DC2D8B /* Sources */,
				5E3A37492A3897AD00DC2D8B /* Frameworks */,
				5E3A374A2A3897AD00DC2D8B /* Resources */,
			);
			buildRules = (
			);
			dependencies = (
			);
			name = Navigation;
			productName = Navigation;
			productReference = 5E3A374C2A3897AD00DC2D8B /* Navigation.app */;
			productType = "com.apple.product-type.application";
		};
		5E3A37612A3897AE00DC2D8B /* NavigationTests */ = {
			isa = PBXNativeTarget;
			buildConfigurationList = 5E3A37792A3897AE00DC2D8B /* Build configuration list for PBXNativeTarget "NavigationTests" */;
			buildPhases = (
				5E3A375E2A3897AE00DC2D8B /* Sources */,
				5E3A375F2A3897AE00DC2D8B /* Frameworks */,
				5E3A37602A3897AE00DC2D8B /* Resources */,
			);
			buildRules = (
			);
			dependencies = (
				5E3A37642A3897AE00DC2D8B /* PBXTargetDependency */,
			);
			name = NavigationTests;
			productName = NavigationTests;
			productReference = 5E3A37622A3897AE00DC2D8B /* NavigationTests.xctest */;
			productType = "com.apple.product-type.bundle.unit-test";
		};
		5E3A376B2A3897AE00DC2D8B /* NavigationUITests */ = {
			isa = PBXNativeTarget;
			buildConfigurationList = 5E3A377C2A3897AE00DC2D8B /* Build configuration list for PBXNativeTarget "NavigationUITests" */;
			buildPhases = (
				5E3A37682A3897AE00DC2D8B /* Sources */,
				5E3A37692A3897AE00DC2D8B /* Frameworks */,
				5E3A376A2A3897AE00DC2D8B /* Resources */,
			);
			buildRules = (
			);
			dependencies = (
				5E3A376E2A3897AE00DC2D8B /* PBXTargetDependency */,
			);
			name = NavigationUITests;
			productName = NavigationUITests;
			productReference = 5E3A376C2A3897AE00DC2D8B /* NavigationUITests.xctest */;
			productType = "com.apple.product-type.bundle.ui-testing";
		};
/* End PBXNativeTarget section */

/* Begin PBXProject section */
		5E3A37442A3897AD00DC2D8B /* Project object */ = {
			isa = PBXProject;
			attributes = {
				BuildIndependentTargetsInParallel = 1;
				LastSwiftUpdateCheck = 1430;
				LastUpgradeCheck = 1430;
				TargetAttributes = {
					5E3A374B2A3897AD00DC2D8B = {
						CreatedOnToolsVersion = 14.3;
					};
					5E3A37612A3897AE00DC2D8B = {
						CreatedOnToolsVersion = 14.3;
						TestTargetID = 5E3A374B2A3897AD00DC2D8B;
					};
					5E3A376B2A3897AE00DC2D8B = {
						CreatedOnToolsVersion = 14.3;
						TestTargetID = 5E3A374B2A3897AD00DC2D8B;
					};
				};
			};
			buildConfigurationList = 5E3A37472A3897AD00DC2D8B /* Build configuration list for PBXProject "Navigation" */;
			compatibilityVersion = "Xcode 14.0";
			developmentRegion = en;
			hasScannedForEncodings = 0;
			knownRegions = (
				en,
				Base,
			);
			mainGroup = 5E3A37432A3897AD00DC2D8B;
			productRefGroup = 5E3A374D2A3897AD00DC2D8B /* Products */;
			projectDirPath = "";
			projectRoot = "";
			targets = (
				5E3A374B2A3897AD00DC2D8B /* Navigation */,
				5E3A37612A3897AE00DC2D8B /* NavigationTests */,
				5E3A376B2A3897AE00DC2D8B /* NavigationUITests */,
			);
		};
/* End PBXProject section */

/* Begin PBXResourcesBuildPhase section */
		5E3A374A2A3897AD00DC2D8B /* Resources */ = {
			isa = PBXResourcesBuildPhase;
			buildActionMask = 2147483647;
			files = (
				5E3A375C2A3897AE00DC2D8B /* LaunchScreen.storyboard in Resources */,
				5E3A37592A3897AE00DC2D8B /* Assets.xcassets in Resources */,
				5E3A37572A3897AD00DC2D8B /* Main.storyboard in Resources */,
			);
			runOnlyForDeploymentPostprocessing = 0;
		};
		5E3A37602A3897AE00DC2D8B /* Resources */ = {
			isa = PBXResourcesBuildPhase;
			buildActionMask = 2147483647;
			files = (
			);
			runOnlyForDeploymentPostprocessing = 0;
		};
		5E3A376A2A3897AE00DC2D8B /* Resources */ = {
			isa = PBXResourcesBuildPhase;
			buildActionMask = 2147483647;
			files = (
			);
			runOnlyForDeploymentPostprocessing = 0;
		};
/* End PBXResourcesBuildPhase section */

/* Begin PBXSourcesBuildPhase section */
		5E3A37482A3897AD00DC2D8B /* Sources */ = {
			isa = PBXSourcesBuildPhase;
			buildActionMask = 2147483647;
			files = (
				5E46ADB02A38BDA1008B7AFF /* SubView2.swift in Sources */,
				5E3A37852A38A3DA00DC2D8B /* TableViewCell.swift in Sources */,
				5E455C892A39FFBA007A7088 /* ContactModel.swift in Sources */,
				5E455C8B2A3A0216007A7088 /* SubView3.swift in Sources */,
				5E3A37542A3897AD00DC2D8B /* ViewController.swift in Sources */,
				5E3A37502A3897AD00DC2D8B /* AppDelegate.swift in Sources */,
				5E46ADAE2A38BD79008B7AFF /* SubView1.swift in Sources */,
				5E3A37802A38998700DC2D8B /* StoryboardTableViewController.swift in Sources */,
				5E3A37822A3899B200DC2D8B /* TableViewController.swift in Sources */,
				5E3A37522A3897AD00DC2D8B /* SceneDelegate.swift in Sources */,
			);
			runOnlyForDeploymentPostprocessing = 0;
		};
		5E3A375E2A3897AE00DC2D8B /* Sources */ = {
			isa = PBXSourcesBuildPhase;
			buildActionMask = 2147483647;
			files = (
				5E3A37672A3897AE00DC2D8B /* NavigationTests.swift in Sources */,
			);
			runOnlyForDeploymentPostprocessing = 0;
		};
		5E3A37682A3897AE00DC2D8B /* Sources */ = {
			isa = PBXSourcesBuildPhase;
			buildActionMask = 2147483647;
			files = (
				5E3A37732A3897AE00DC2D8B /* NavigationUITestsLaunchTests.swift in Sources */,
				5E3A37712A3897AE00DC2D8B /* NavigationUITests.swift in Sources */,
			);
			runOnlyForDeploymentPostprocessing = 0;
		};
/* End PBXSourcesBuildPhase section */

/* Begin PBXTargetDependency section */
		5E3A37642A3897AE00DC2D8B /* PBXTargetDependency */ = {
			isa = PBXTargetDependency;
			target = 5E3A374B2A3897AD00DC2D8B /* Navigation */;
			targetProxy = 5E3A37632A3897AE00DC2D8B /* PBXContainerItemProxy */;
		};
		5E3A376E2A3897AE00DC2D8B /* PBXTargetDependency */ = {
			isa = PBXTargetDependency;
			target = 5E3A374B2A3897AD00DC2D8B /* Navigation */;
			targetProxy = 5E3A376D2A3897AE00DC2D8B /* PBXContainerItemProxy */;
		};
/* End PBXTargetDependency section */

/* Begin PBXVariantGroup section */
		5E3A37552A3897AD00DC2D8B /* Main.storyboard */ = {
			isa = PBXVariantGroup;
			children = (
				5E3A37562A3897AD00DC2D8B /* Base */,
			);
			name = Main.storyboard;
			sourceTree = "<group>";
		};
		5E3A375A2A3897AE00DC2D8B /* LaunchScreen.storyboard */ = {
			isa = PBXVariantGroup;
			children = (
				5E3A375B2A3897AE00DC2D8B /* Base */,
			);
			name = LaunchScreen.storyboard;
			sourceTree = "<group>";
		};
/* End PBXVariantGroup section */

/* Begin XCBuildConfiguration section */
		5E3A37742A3897AE00DC2D8B /* Debug */ = {
			isa = XCBuildConfiguration;
			buildSettings = {
				ALWAYS_SEARCH_USER_PATHS = NO;
				CLANG_ANALYZER_NONNULL = YES;
				CLANG_ANALYZER_NUMBER_OBJECT_CONVERSION = YES_AGGRESSIVE;
				CLANG_CXX_LANGUAGE_STANDARD = "gnu++20";
				CLANG_ENABLE_MODULES = YES;
				CLANG_ENABLE_OBJC_ARC = YES;
				CLANG_ENABLE_OBJC_WEAK = YES;
				CLANG_WARN_BLOCK_CAPTURE_AUTORELEASING = YES;
				CLANG_WARN_BOOL_CONVERSION = YES;
				CLANG_WARN_COMMA = YES;
				CLANG_WARN_CONSTANT_CONVERSION = YES;
				CLANG_WARN_DEPRECATED_OBJC_IMPLEMENTATIONS = YES;
				CLANG_WARN_DIRECT_OBJC_ISA_USAGE = YES_ERROR;
				CLANG_WARN_DOCUMENTATION_COMMENTS = YES;
				CLANG_WARN_EMPTY_BODY = YES;
				CLANG_WARN_ENUM_CONVERSION = YES;
				CLANG_WARN_INFINITE_RECURSION = YES;
				CLANG_WARN_INT_CONVERSION = YES;
				CLANG_WARN_NON_LITERAL_NULL_CONVERSION = YES;
				CLANG_WARN_OBJC_IMPLICIT_RETAIN_SELF = YES;
				CLANG_WARN_OBJC_LITERAL_CONVERSION = YES;
				CLANG_WARN_OBJC_ROOT_CLASS = YES_ERROR;
				CLANG_WARN_QUOTED_INCLUDE_IN_FRAMEWORK_HEADER = YES;
				CLANG_WARN_RANGE_LOOP_ANALYSIS = YES;
				CLANG_WARN_STRICT_PROTOTYPES = YES;
				CLANG_WARN_SUSPICIOUS_MOVE = YES;
				CLANG_WARN_UNGUARDED_AVAILABILITY = YES_AGGRESSIVE;
				CLANG_WARN_UNREACHABLE_CODE = YES;
				CLANG_WARN__DUPLICATE_METHOD_MATCH = YES;
				COPY_PHASE_STRIP = NO;
				DEBUG_INFORMATION_FORMAT = dwarf;
				ENABLE_STRICT_OBJC_MSGSEND = YES;
				ENABLE_TESTABILITY = YES;
				GCC_C_LANGUAGE_STANDARD = gnu11;
				GCC_DYNAMIC_NO_PIC = NO;
				GCC_NO_COMMON_BLOCKS = YES;
				GCC_OPTIMIZATION_LEVEL = 0;
				GCC_PREPROCESSOR_DEFINITIONS = (
					"DEBUG=1",
					"$(inherited)",
				);
				GCC_WARN_64_TO_32_BIT_CONVERSION = YES;
				GCC_WARN_ABOUT_RETURN_TYPE = YES_ERROR;
				GCC_WARN_UNDECLARED_SELECTOR = YES;
				GCC_WARN_UNINITIALIZED_AUTOS = YES_AGGRESSIVE;
				GCC_WARN_UNUSED_FUNCTION = YES;
				GCC_WARN_UNUSED_VARIABLE = YES;
				IPHONEOS_DEPLOYMENT_TARGET = 16.4;
				MTL_ENABLE_DEBUG_INFO = INCLUDE_SOURCE;
				MTL_FAST_MATH = YES;
				ONLY_ACTIVE_ARCH = YES;
				SDKROOT = iphoneos;
				SWIFT_ACTIVE_COMPILATION_CONDITIONS = DEBUG;
				SWIFT_OPTIMIZATION_LEVEL = "-Onone";
			};
			name = Debug;
		};
		5E3A37752A3897AE00DC2D8B /* Release */ = {
			isa = XCBuildConfiguration;
			buildSettings = {
				ALWAYS_SEARCH_USER_PATHS = NO;
				CLANG_ANALYZER_NONNULL = YES;
				CLANG_ANALYZER_NUMBER_OBJECT_CONVERSION = YES_AGGRESSIVE;
				CLANG_CXX_LANGUAGE_STANDARD = "gnu++20";
				CLANG_ENABLE_MODULES = YES;
				CLANG_ENABLE_OBJC_ARC = YES;
				CLANG_ENABLE_OBJC_WEAK = YES;
				CLANG_WARN_BLOCK_CAPTURE_AUTORELEASING = YES;
				CLANG_WARN_BOOL_CONVERSION = YES;
				CLANG_WARN_COMMA = YES;
				CLANG_WARN_CONSTANT_CONVERSION = YES;
				CLANG_WARN_DEPRECATED_OBJC_IMPLEMENTATIONS = YES;
				CLANG_WARN_DIRECT_OBJC_ISA_USAGE = YES_ERROR;
				CLANG_WARN_DOCUMENTATION_COMMENTS = YES;
				CLANG_WARN_EMPTY_BODY = YES;
				CLANG_WARN_ENUM_CONVERSION = YES;
				CLANG_WARN_INFINITE_RECURSION = YES;
				CLANG_WARN_INT_CONVERSION = YES;
				CLANG_WARN_NON_LITERAL_NULL_CONVERSION = YES;
				CLANG_WARN_OBJC_IMPLICIT_RETAIN_SELF = YES;
				CLANG_WARN_OBJC_LITERAL_CONVERSION = YES;
				CLANG_WARN_OBJC_ROOT_CLASS = YES_ERROR;
				CLANG_WARN_QUOTED_INCLUDE_IN_FRAMEWORK_HEADER = YES;
				CLANG_WARN_RANGE_LOOP_ANALYSIS = YES;
				CLANG_WARN_STRICT_PROTOTYPES = YES;
				CLANG_WARN_SUSPICIOUS_MOVE = YES;
				CLANG_WARN_UNGUARDED_AVAILABILITY = YES_AGGRESSIVE;
				CLANG_WARN_UNREACHABLE_CODE = YES;
				CLANG_WARN__DUPLICATE_METHOD_MATCH = YES;
				COPY_PHASE_STRIP = NO;
				DEBUG_INFORMATION_FORMAT = "dwarf-with-dsym";
				ENABLE_NS_ASSERTIONS = NO;
				ENABLE_STRICT_OBJC_MSGSEND = YES;
				GCC_C_LANGUAGE_STANDARD = gnu11;
				GCC_NO_COMMON_BLOCKS = YES;
				GCC_WARN_64_TO_32_BIT_CONVERSION = YES;
				GCC_WARN_ABOUT_RETURN_TYPE = YES_ERROR;
				GCC_WARN_UNDECLARED_SELECTOR = YES;
				GCC_WARN_UNINITIALIZED_AUTOS = YES_AGGRESSIVE;
				GCC_WARN_UNUSED_FUNCTION = YES;
				GCC_WARN_UNUSED_VARIABLE = YES;
				IPHONEOS_DEPLOYMENT_TARGET = 16.4;
				MTL_ENABLE_DEBUG_INFO = NO;
				MTL_FAST_MATH = YES;
				SDKROOT = iphoneos;
				SWIFT_COMPILATION_MODE = wholemodule;
				SWIFT_OPTIMIZATION_LEVEL = "-O";
				VALIDATE_PRODUCT = YES;
			};
			name = Release;
		};
		5E3A37772A3897AE00DC2D8B /* Debug */ = {
			isa = XCBuildConfiguration;
			buildSettings = {
				ASSETCATALOG_COMPILER_APPICON_NAME = AppIcon;
				ASSETCATALOG_COMPILER_GLOBAL_ACCENT_COLOR_NAME = AccentColor;
				CODE_SIGN_STYLE = Automatic;
				CURRENT_PROJECT_VERSION = 1;
				GENERATE_INFOPLIST_FILE = YES;
				INFOPLIST_FILE = Navigation/Info.plist;
				INFOPLIST_KEY_UIApplicationSupportsIndirectInputEvents = YES;
				INFOPLIST_KEY_UILaunchStoryboardName = LaunchScreen;
				INFOPLIST_KEY_UIMainStoryboardFile = Main;
				INFOPLIST_KEY_UISupportedInterfaceOrientations_iPad = "UIInterfaceOrientationPortrait UIInterfaceOrientationPortraitUpsideDown UIInterfaceOrientationLandscapeLeft UIInterfaceOrientationLandscapeRight";
				INFOPLIST_KEY_UISupportedInterfaceOrientations_iPhone = "UIInterfaceOrientationPortrait UIInterfaceOrientationLandscapeLeft UIInterfaceOrientationLandscapeRight";
				IPHONEOS_DEPLOYMENT_TARGET = 16.1;
				LD_RUNPATH_SEARCH_PATHS = (
					"$(inherited)",
					"@executable_path/Frameworks",
				);
				MARKETING_VERSION = 1.0;
				PRODUCT_BUNDLE_IDENTIFIER = CuongNguyen.Navigation;
				PRODUCT_NAME = "$(TARGET_NAME)";
				SWIFT_EMIT_LOC_STRINGS = YES;
				SWIFT_VERSION = 5.0;
				TARGETED_DEVICE_FAMILY = "1,2";
			};
			name = Debug;
		};
		5E3A37782A3897AE00DC2D8B /* Release */ = {
			isa = XCBuildConfiguration;
			buildSettings = {
				ASSETCATALOG_COMPILER_APPICON_NAME = AppIcon;
				ASSETCATALOG_COMPILER_GLOBAL_ACCENT_COLOR_NAME = AccentColor;
				CODE_SIGN_STYLE = Automatic;
				CURRENT_PROJECT_VERSION = 1;
				GENERATE_INFOPLIST_FILE = YES;
				INFOPLIST_FILE = Navigation/Info.plist;
				INFOPLIST_KEY_UIApplicationSupportsIndirectInputEvents = YES;
				INFOPLIST_KEY_UILaunchStoryboardName = LaunchScreen;
				INFOPLIST_KEY_UIMainStoryboardFile = Main;
				INFOPLIST_KEY_UISupportedInterfaceOrientations_iPad = "UIInterfaceOrientationPortrait UIInterfaceOrientationPortraitUpsideDown UIInterfaceOrientationLandscapeLeft UIInterfaceOrientationLandscapeRight";
				INFOPLIST_KEY_UISupportedInterfaceOrientations_iPhone = "UIInterfaceOrientationPortrait UIInterfaceOrientationLandscapeLeft UIInterfaceOrientationLandscapeRight";
				IPHONEOS_DEPLOYMENT_TARGET = 16.1;
				LD_RUNPATH_SEARCH_PATHS = (
					"$(inherited)",
					"@executable_path/Frameworks",
				);
				MARKETING_VERSION = 1.0;
				PRODUCT_BUNDLE_IDENTIFIER = CuongNguyen.Navigation;
				PRODUCT_NAME = "$(TARGET_NAME)";
				SWIFT_EMIT_LOC_STRINGS = YES;
				SWIFT_VERSION = 5.0;
				TARGETED_DEVICE_FAMILY = "1,2";
			};
			name = Release;
		};
		5E3A377A2A3897AE00DC2D8B /* Debug */ = {
			isa = XCBuildConfiguration;
			buildSettings = {
				ALWAYS_EMBED_SWIFT_STANDARD_LIBRARIES = YES;
				BUNDLE_LOADER = "$(TEST_HOST)";
				CODE_SIGN_STYLE = Automatic;
				CURRENT_PROJECT_VERSION = 1;
				GENERATE_INFOPLIST_FILE = YES;
				IPHONEOS_DEPLOYMENT_TARGET = 16.4;
				MARKETING_VERSION = 1.0;
				PRODUCT_BUNDLE_IDENTIFIER = CuongNguyen.NavigationTests;
				PRODUCT_NAME = "$(TARGET_NAME)";
				SWIFT_EMIT_LOC_STRINGS = NO;
				SWIFT_VERSION = 5.0;
				TARGETED_DEVICE_FAMILY = "1,2";
				TEST_HOST = "$(BUILT_PRODUCTS_DIR)/Navigation.app/$(BUNDLE_EXECUTABLE_FOLDER_PATH)/Navigation";
			};
			name = Debug;
		};
		5E3A377B2A3897AE00DC2D8B /* Release */ = {
			isa = XCBuildConfiguration;
			buildSettings = {
				ALWAYS_EMBED_SWIFT_STANDARD_LIBRARIES = YES;
				BUNDLE_LOADER = "$(TEST_HOST)";
				CODE_SIGN_STYLE = Automatic;
				CURRENT_PROJECT_VERSION = 1;
				GENERATE_INFOPLIST_FILE = YES;
				IPHONEOS_DEPLOYMENT_TARGET = 16.4;
				MARKETING_VERSION = 1.0;
				PRODUCT_BUNDLE_IDENTIFIER = CuongNguyen.NavigationTests;
				PRODUCT_NAME = "$(TARGET_NAME)";
				SWIFT_EMIT_LOC_STRINGS = NO;
				SWIFT_VERSION = 5.0;
				TARGETED_DEVICE_FAMILY = "1,2";
				TEST_HOST = "$(BUILT_PRODUCTS_DIR)/Navigation.app/$(BUNDLE_EXECUTABLE_FOLDER_PATH)/Navigation";
			};
			name = Release;
		};
		5E3A377D2A3897AE00DC2D8B /* Debug */ = {
			isa = XCBuildConfiguration;
			buildSettings = {
				ALWAYS_EMBED_SWIFT_STANDARD_LIBRARIES = YES;
				CODE_SIGN_STYLE = Automatic;
				CURRENT_PROJECT_VERSION = 1;
				GENERATE_INFOPLIST_FILE = YES;
				MARKETING_VERSION = 1.0;
				PRODUCT_BUNDLE_IDENTIFIER = CuongNguyen.NavigationUITests;
				PRODUCT_NAME = "$(TARGET_NAME)";
				SWIFT_EMIT_LOC_STRINGS = NO;
				SWIFT_VERSION = 5.0;
				TARGETED_DEVICE_FAMILY = "1,2";
				TEST_TARGET_NAME = Navigation;
			};
			name = Debug;
		};
		5E3A377E2A3897AE00DC2D8B /* Release */ = {
			isa = XCBuildConfiguration;
			buildSettings = {
				ALWAYS_EMBED_SWIFT_STANDARD_LIBRARIES = YES;
				CODE_SIGN_STYLE = Automatic;
				CURRENT_PROJECT_VERSION = 1;
				GENERATE_INFOPLIST_FILE = YES;
				MARKETING_VERSION = 1.0;
				PRODUCT_BUNDLE_IDENTIFIER = CuongNguyen.NavigationUITests;
				PRODUCT_NAME = "$(TARGET_NAME)";
				SWIFT_EMIT_LOC_STRINGS = NO;
				SWIFT_VERSION = 5.0;
				TARGETED_DEVICE_FAMILY = "1,2";
				TEST_TARGET_NAME = Navigation;
			};
			name = Release;
		};
/* End XCBuildConfiguration section */

/* Begin XCConfigurationList section */
		5E3A37472A3897AD00DC2D8B /* Build configuration list for PBXProject "Navigation" */ = {
			isa = XCConfigurationList;
			buildConfigurations = (
				5E3A37742A3897AE00DC2D8B /* Debug */,
				5E3A37752A3897AE00DC2D8B /* Release */,
			);
			defaultConfigurationIsVisible = 0;
			defaultConfigurationName = Release;
		};
		5E3A37762A3897AE00DC2D8B /* Build configuration list for PBXNativeTarget "Navigation" */ = {
			isa = XCConfigurationList;
			buildConfigurations = (
				5E3A37772A3897AE00DC2D8B /* Debug */,
				5E3A37782A3897AE00DC2D8B /* Release */,
			);
			defaultConfigurationIsVisible = 0;
			defaultConfigurationName = Release;
		};
		5E3A37792A3897AE00DC2D8B /* Build configuration list for PBXNativeTarget "NavigationTests" */ = {
			isa = XCConfigurationList;
			buildConfigurations = (
				5E3A377A2A3897AE00DC2D8B /* Debug */,
				5E3A377B2A3897AE00DC2D8B /* Release */,
			);
			defaultConfigurationIsVisible = 0;
			defaultConfigurationName = Release;
		};
		5E3A377C2A3897AE00DC2D8B /* Build configuration list for PBXNativeTarget "NavigationUITests" */ = {
			isa = XCConfigurationList;
			buildConfigurations = (
				5E3A377D2A3897AE00DC2D8B /* Debug */,
				5E3A377E2A3897AE00DC2D8B /* Release */,
			);
			defaultConfigurationIsVisible = 0;
			defaultConfigurationName = Release;
		};
/* End XCConfigurationList section */
	};
	rootObject = 5E3A37442A3897AD00DC2D8B /* Project object */;
}
